
Microsoft Visual Studio Solution File, Format Version 12.00
# Visual Studio Version 16
VisualStudioVersion = 16.0.31424.327
MinimumVisualStudioVersion = 10.0.40219.1
Project("{9A19103F-16F7-4668-BE54-9A1E7A4F7556}") = "DarkBattle", "DarkBattle\DarkBattle.csproj", "{E9773B78-A92F-4D7A-AC26-103B9EAB53D2}"
EndProject
Project("{FAE04EC0-301F-11D3-BF4B-00C04F79EFBC}") = "DarkBattle.Services", "DarkBattle.Services\DarkBattle.Services.csproj", "{8D96AF51-6D4A-4F5C-9DD0-F05DFEEC11BE}"
EndProject
Project("{FAE04EC0-301F-11D3-BF4B-00C04F79EFBC}") = "DarkBattle.Data", "DarkBattle.Data\DarkBattle.Data.csproj", "{4D01135D-DD88-4F9E-8B3D-27380730315E}"
EndProject
Project("{FAE04EC0-301F-11D3-BF4B-00C04F79EFBC}") = "DarkBattle.ViewModels", "DarkBattle.ViewModels\DarkBattle.ViewModels.csproj", "{287E8C15-F528-4CA2-98BE-9F538E3F5C7F}"
EndProject
Project("{FAE04EC0-301F-11D3-BF4B-00C04F79EFBC}") = "DarkBattle.DataConstants", "DarkBattle.DataConstants\DarkBattle.DataConstants.csproj", "{820EB5BE-7E67-47E3-917E-4154F541FB44}"
EndProject
Global
	GlobalSection(SolutionConfigurationPlatforms) = preSolution
		Debug|Any CPU = Debug|Any CPU
		Release|Any CPU = Release|Any CPU
	EndGlobalSection
	GlobalSection(ProjectConfigurationPlatforms) = postSolution
		{E9773B78-A92F-4D7A-AC26-103B9EAB53D2}.Debug|Any CPU.ActiveCfg = Debug|Any CPU
		{E9773B78-A92F-4D7A-AC26-103B9EAB53D2}.Debug|Any CPU.Build.0 = Debug|Any CPU
		{E9773B78-A92F-4D7A-AC26-103B9EAB53D2}.Release|Any CPU.ActiveCfg = Release|Any CPU
		{E9773B78-A92F-4D7A-AC26-103B9EAB53D2}.Release|Any CPU.Build.0 = Release|Any CPU
		{8D96AF51-6D4A-4F5C-9DD0-F05DFEEC11BE}.Debug|Any CPU.ActiveCfg = Debug|Any CPU
		{8D96AF51-6D4A-4F5C-9DD0-F05DFEEC11BE}.Debug|Any CPU.Build.0 = Debug|Any CPU
		{8D96AF51-6D4A-4F5C-9DD0-F05DFEEC11BE}.Release|Any CPU.ActiveCfg = Release|Any CPU
		{8D96AF51-6D4A-4F5C-9DD0-F05DFEEC11BE}.Release|Any CPU.Build.0 = Release|Any CPU
		{4D01135D-DD88-4F9E-8B3D-27380730315E}.Debug|Any CPU.ActiveCfg = Debug|Any CPU
		{4D01135D-DD88-4F9E-8B3D-27380730315E}.Debug|Any CPU.Build.0 = Debug|Any CPU
		{4D01135D-DD88-4F9E-8B3D-27380730315E}.Release|Any CPU.ActiveCfg = Release|Any CPU
		{4D01135D-DD88-4F9E-8B3D-27380730315E}.Release|Any CPU.Build.0 = Release|Any CPU
		{287E8C15-F528-4CA2-98BE-9F538E3F5C7F}.Debug|Any CPU.ActiveCfg = Debug|Any CPU
		{287E8C15-F528-4CA2-98BE-9F538E3F5C7F}.Debug|Any CPU.Build.0 = Debug|Any CPU
		{287E8C15-F528-4CA2-98BE-9F538E3F5C7F}.Release|Any CPU.ActiveCfg = Release|Any CPU
		{287E8C15-F528-4CA2-98BE-9F538E3F5C7F}.Release|Any CPU.Build.0 = Release|Any CPU
		{820EB5BE-7E67-47E3-917E-4154F541FB44}.Debug|Any CPU.ActiveCfg = Debug|Any CPU
		{820EB5BE-7E67-47E3-917E-4154F541FB44}.Debug|Any CPU.Build.0 = Debug|Any CPU
		{820EB5BE-7E67-47E3-917E-4154F541FB44}.Release|Any CPU.ActiveCfg = Release|Any CPU
		{820EB5BE-7E67-47E3-917E-4154F541FB44}.Release|Any CPU.Build.0 = Release|Any CPU
	EndGlobalSection
	GlobalSection(SolutionProperties) = preSolution
		HideSolutionNode = FALSE
	EndGlobalSection
	GlobalSection(ExtensibilityGlobals) = postSolution
		SolutionGuid = {6D31FD42-AA65-433C-B7CB-FC92EAB2DA87}
	EndGlobalSection
EndGlobal
