
Microsoft Visual Studio Solution File, Format Version 12.00
# Visual Studio Version 16
VisualStudioVersion = 16.0.31424.327
MinimumVisualStudioVersion = 10.0.40219.1
Project("{9A19103F-16F7-4668-BE54-9A1E7A4F7556}") = "DarkBattle", "DarkBattle\DarkBattle.csproj", "{B7DB4965-2E45-4CE4-9793-893E589CA037}"
EndProject
Project("{9A19103F-16F7-4668-BE54-9A1E7A4F7556}") = "DarkBatlle.Data", "DarkBatlle.Data\DarkBatlle.Data.csproj", "{BF8AE5DC-F90E-4D17-87DC-D8AD7850B89B}"
EndProject
Project("{9A19103F-16F7-4668-BE54-9A1E7A4F7556}") = "DarkBattle.Services", "DarkBattle.Services\DarkBattle.Services.csproj", "{A8CBB235-C5AC-4D0F-A934-54AB6E1DD387}"
EndProject
Project("{9A19103F-16F7-4668-BE54-9A1E7A4F7556}") = "DarkBattle.Models", "DarkBattle.Models\DarkBattle.Models.csproj", "{251C2E3B-F683-4FAC-9630-F23714D79026}"
EndProject
Project("{FAE04EC0-301F-11D3-BF4B-00C04F79EFBC}") = "DarkBattle.ViewModels", "DarkBattle.ViewModels\DarkBattle.ViewModels.csproj", "{BDD8DAFB-8140-4D11-95E0-13EDE5748AC1}"
EndProject
Project("{FAE04EC0-301F-11D3-BF4B-00C04F79EFBC}") = "DataConstants", "DataConstants\DataConstants.csproj", "{AD44B8F9-69ED-483C-B38D-7A7A4660F0BC}"
EndProject
Global
	GlobalSection(SolutionConfigurationPlatforms) = preSolution
		Debug|Any CPU = Debug|Any CPU
		Release|Any CPU = Release|Any CPU
	EndGlobalSection
	GlobalSection(ProjectConfigurationPlatforms) = postSolution
		{B7DB4965-2E45-4CE4-9793-893E589CA037}.Debug|Any CPU.ActiveCfg = Debug|Any CPU
		{B7DB4965-2E45-4CE4-9793-893E589CA037}.Debug|Any CPU.Build.0 = Debug|Any CPU
		{B7DB4965-2E45-4CE4-9793-893E589CA037}.Release|Any CPU.ActiveCfg = Release|Any CPU
		{B7DB4965-2E45-4CE4-9793-893E589CA037}.Release|Any CPU.Build.0 = Release|Any CPU
		{BF8AE5DC-F90E-4D17-87DC-D8AD7850B89B}.Debug|Any CPU.ActiveCfg = Debug|Any CPU
		{BF8AE5DC-F90E-4D17-87DC-D8AD7850B89B}.Debug|Any CPU.Build.0 = Debug|Any CPU
		{BF8AE5DC-F90E-4D17-87DC-D8AD7850B89B}.Release|Any CPU.ActiveCfg = Release|Any CPU
		{BF8AE5DC-F90E-4D17-87DC-D8AD7850B89B}.Release|Any CPU.Build.0 = Release|Any CPU
		{A8CBB235-C5AC-4D0F-A934-54AB6E1DD387}.Debug|Any CPU.ActiveCfg = Debug|Any CPU
		{A8CBB235-C5AC-4D0F-A934-54AB6E1DD387}.Debug|Any CPU.Build.0 = Debug|Any CPU
		{A8CBB235-C5AC-4D0F-A934-54AB6E1DD387}.Release|Any CPU.ActiveCfg = Release|Any CPU
		{A8CBB235-C5AC-4D0F-A934-54AB6E1DD387}.Release|Any CPU.Build.0 = Release|Any CPU
		{251C2E3B-F683-4FAC-9630-F23714D79026}.Debug|Any CPU.ActiveCfg = Debug|Any CPU
		{251C2E3B-F683-4FAC-9630-F23714D79026}.Debug|Any CPU.Build.0 = Debug|Any CPU
		{251C2E3B-F683-4FAC-9630-F23714D79026}.Release|Any CPU.ActiveCfg = Release|Any CPU
		{251C2E3B-F683-4FAC-9630-F23714D79026}.Release|Any CPU.Build.0 = Release|Any CPU
		{BDD8DAFB-8140-4D11-95E0-13EDE5748AC1}.Debug|Any CPU.ActiveCfg = Debug|Any CPU
		{BDD8DAFB-8140-4D11-95E0-13EDE5748AC1}.Debug|Any CPU.Build.0 = Debug|Any CPU
		{BDD8DAFB-8140-4D11-95E0-13EDE5748AC1}.Release|Any CPU.ActiveCfg = Release|Any CPU
		{BDD8DAFB-8140-4D11-95E0-13EDE5748AC1}.Release|Any CPU.Build.0 = Release|Any CPU
		{AD44B8F9-69ED-483C-B38D-7A7A4660F0BC}.Debug|Any CPU.ActiveCfg = Debug|Any CPU
		{AD44B8F9-69ED-483C-B38D-7A7A4660F0BC}.Debug|Any CPU.Build.0 = Debug|Any CPU
		{AD44B8F9-69ED-483C-B38D-7A7A4660F0BC}.Release|Any CPU.ActiveCfg = Release|Any CPU
		{AD44B8F9-69ED-483C-B38D-7A7A4660F0BC}.Release|Any CPU.Build.0 = Release|Any CPU
	EndGlobalSection
	GlobalSection(SolutionProperties) = preSolution
		HideSolutionNode = FALSE
	EndGlobalSection
	GlobalSection(ExtensibilityGlobals) = postSolution
		SolutionGuid = {CD2E96EE-731A-4FBE-B68D-BB7965EE78A1}
	EndGlobalSection
EndGlobal
